
Microsoft Visual Studio Solution File, Format Version 12.00
# Visual Studio Version 16
VisualStudioVersion = 16.0.30011.22
MinimumVisualStudioVersion = 10.0.40219.1
Project("{FAE04EC0-301F-11D3-BF4B-00C04F79EFBC}") = "CreatingDataTable", "CreatingDataTable.csproj", "{C6EC3BDA-AFC8-4A76-B273-57C826401B63}"
EndProject
Global
	GlobalSection(SolutionConfigurationPlatforms) = preSolution
		Debug|Any CPU = Debug|Any CPU
		Release|Any CPU = Release|Any CPU
	EndGlobalSection
	GlobalSection(ProjectConfigurationPlatforms) = postSolution
		{C6EC3BDA-AFC8-4A76-B273-57C826401B63}.Debug|Any CPU.ActiveCfg = Debug|Any CPU
		{C6EC3BDA-AFC8-4A76-B273-57C826401B63}.Debug|Any CPU.Build.0 = Debug|Any CPU
		{C6EC3BDA-AFC8-4A76-B273-57C826401B63}.Release|Any CPU.ActiveCfg = Release|Any CPU
		{C6EC3BDA-AFC8-4A76-B273-57C826401B63}.Release|Any CPU.Build.0 = Release|Any CPU
	EndGlobalSection
	GlobalSection(SolutionProperties) = preSolution
		HideSolutionNode = FALSE
	EndGlobalSection
	GlobalSection(ExtensibilityGlobals) = postSolution
		SolutionGuid = {4E8FD335-78EC-4983-9969-1D886FE11A2B}
	EndGlobalSection
EndGlobal
