
Microsoft Visual Studio Solution File, Format Version 12.00
# Visual Studio Version 16
VisualStudioVersion = 16.0.30011.22
MinimumVisualStudioVersion = 10.0.40219.1
Project("{FAE04EC0-301F-11D3-BF4B-00C04F79EFBC}") = "CreateDatabase", "CreateDatabase.csproj", "{F3585DC6-B400-49E1-A1AB-214927AF1BF9}"
EndProject
Global
	GlobalSection(SolutionConfigurationPlatforms) = preSolution
		Debug|Any CPU = Debug|Any CPU
		Release|Any CPU = Release|Any CPU
	EndGlobalSection
	GlobalSection(ProjectConfigurationPlatforms) = postSolution
		{F3585DC6-B400-49E1-A1AB-214927AF1BF9}.Debug|Any CPU.ActiveCfg = Debug|Any CPU
		{F3585DC6-B400-49E1-A1AB-214927AF1BF9}.Debug|Any CPU.Build.0 = Debug|Any CPU
		{F3585DC6-B400-49E1-A1AB-214927AF1BF9}.Release|Any CPU.ActiveCfg = Release|Any CPU
		{F3585DC6-B400-49E1-A1AB-214927AF1BF9}.Release|Any CPU.Build.0 = Release|Any CPU
	EndGlobalSection
	GlobalSection(SolutionProperties) = preSolution
		HideSolutionNode = FALSE
	EndGlobalSection
	GlobalSection(ExtensibilityGlobals) = postSolution
		SolutionGuid = {0608E89C-C1C2-4507-BD33-223ED1E3A8E6}
	EndGlobalSection
EndGlobal
