
Microsoft Visual Studio Solution File, Format Version 12.00
# Visual Studio Version 16
VisualStudioVersion = 16.0.30011.22
MinimumVisualStudioVersion = 10.0.40219.1
Project("{FAE04EC0-301F-11D3-BF4B-00C04F79EFBC}") = "CustomerManager", "CustomerManager.csproj", "{D678458B-A393-415A-8FC8-AA1C9EAD3871}"
EndProject
Project("{FAE04EC0-301F-11D3-BF4B-00C04F79EFBC}") = "CodeFirst", "..\CodeFirst\CodeFirst.csproj", "{D08B70D9-A49D-4CF0-8901-B7EF32FDB2B7}"
EndProject
Global
	GlobalSection(SolutionConfigurationPlatforms) = preSolution
		Debug|Any CPU = Debug|Any CPU
		Release|Any CPU = Release|Any CPU
	EndGlobalSection
	GlobalSection(ProjectConfigurationPlatforms) = postSolution
		{D678458B-A393-415A-8FC8-AA1C9EAD3871}.Debug|Any CPU.ActiveCfg = Debug|Any CPU
		{D678458B-A393-415A-8FC8-AA1C9EAD3871}.Debug|Any CPU.Build.0 = Debug|Any CPU
		{D678458B-A393-415A-8FC8-AA1C9EAD3871}.Release|Any CPU.ActiveCfg = Release|Any CPU
		{D678458B-A393-415A-8FC8-AA1C9EAD3871}.Release|Any CPU.Build.0 = Release|Any CPU
		{D08B70D9-A49D-4CF0-8901-B7EF32FDB2B7}.Debug|Any CPU.ActiveCfg = Debug|Any CPU
		{D08B70D9-A49D-4CF0-8901-B7EF32FDB2B7}.Debug|Any CPU.Build.0 = Debug|Any CPU
		{D08B70D9-A49D-4CF0-8901-B7EF32FDB2B7}.Release|Any CPU.ActiveCfg = Release|Any CPU
		{D08B70D9-A49D-4CF0-8901-B7EF32FDB2B7}.Release|Any CPU.Build.0 = Release|Any CPU
	EndGlobalSection
	GlobalSection(SolutionProperties) = preSolution
		HideSolutionNode = FALSE
	EndGlobalSection
	GlobalSection(ExtensibilityGlobals) = postSolution
		SolutionGuid = {5956E90D-D32A-4496-B22F-B0E43EE04A4E}
	EndGlobalSection
EndGlobal
